{
  "name": "rentalmobil",
  "version": "1.0.0",
  "lockfileVersion": 1,
  "requires": true,
  "dependencies": {
    "@sweetalert2/theme-dark": {
      "version": "3.1.4",
      "resolved": "https://registry.npmjs.org/@sweetalert2/theme-dark/-/theme-dark-3.1.4.tgz",
      "integrity": "sha512-JiFqylrr7bKw1WSxyu7KmaIUq9iV7C1PD1Paaaxpvr1Bs4mK+lFJrV5TaGEECcke0wkV1koDyxBZllE7V7tRJg=="
    },
    "@sweetalert2/themes": {
      "version": "3.1.4",
      "resolved": "https://registry.npmjs.org/@sweetalert2/themes/-/themes-3.1.4.tgz",
      "integrity": "sha512-fPdouRkLzeW/EeHRDQEX7SV1FkRPivZTYgUISwtIdNbkrwPSOgd9On+IZxHGNiZAGbKNYfSwf9l8ZlQAajaGIw=="
    },
    "sweetalert2": {
      "version": "9.10.9",
      "resolved": "https://registry.npmjs.org/sweetalert2/-/sweetalert2-9.10.9.tgz",
      "integrity": "sha512-EvCwcS9omZHhxp8XXiWwPMGq2ywGcU0VXeBr3DCibUMmfRkh8f8SxBWFSKMtw57HnK0tKYDhyhQV/vFERtRciQ=="
    }
  }
}
