{
  "name": "rentalmobil",
  "version": "1.0.0",
  "lockfileVersion": 1,
  "requires": true,
  "dependencies": {
    "@sweetalert2/theme-dark": {
      "version": "3.1.4",
      "resolved": "https://registry.npmjs.org/@sweetalert2/theme-dark/-/theme-dark-3.1.4.tgz",
      "integrity": "sha512-JiFqylrr7bKw1WSxyu7KmaIUq9iV7C1PD1Paaaxpvr1Bs4mK+lFJrV5TaGEECcke0wkV1koDyxBZllE7V7tRJg=="
    },
    "@sweetalert2/themes": {
      "version": "3.1.4",
      "resolved": "https://registry.npmjs.org/@sweetalert2/themes/-/themes-3.1.4.tgz",
      "integrity": "sha512-fPdouRkLzeW/EeHRDQEX7SV1FkRPivZTYgUISwtIdNbkrwPSOgd9On+IZxHGNiZAGbKNYfSwf9l8ZlQAajaGIw=="
    },
    "axios": {
      "version": "0.19.2",
      "resolved": "https://registry.npmjs.org/axios/-/axios-0.19.2.tgz",
      "integrity": "sha512-fjgm5MvRHLhx+osE2xoekY70AhARk3a6hkN+3Io1jc00jtquGvxYlKlsFUhmUET0V5te6CcZI7lcv2Ym61mjHA==",
      "requires": {
        "follow-redirects": "1.5.10"
      }
    },
    "debug": {
      "version": "3.1.0",
      "resolved": "https://registry.npmjs.org/debug/-/debug-3.1.0.tgz",
      "integrity": "sha512-OX8XqP7/1a9cqkxYw2yXss15f26NKWBpDXQd0/uK/KPqdQhxbPa994hnzjcE2VqQpDslf55723cKPUOGSmMY3g==",
      "requires": {
        "ms": "2.0.0"
      }
    },
    "dom-to-image": {
      "version": "2.6.0",
      "resolved": "https://registry.npmjs.org/dom-to-image/-/dom-to-image-2.6.0.tgz",
      "integrity": "sha1-ilA2CAiMh7HCL5A0rgMuGJiVWGc="
    },
    "follow-redirects": {
      "version": "1.5.10",
      "resolved": "https://registry.npmjs.org/follow-redirects/-/follow-redirects-1.5.10.tgz",
      "integrity": "sha512-0V5l4Cizzvqt5D44aTXbFZz+FtyXV1vrDN6qrelxtfYQKW0KO0W2T/hkE8xvGa/540LkZlkaUjO4ailYTFtHVQ==",
      "requires": {
        "debug": "=3.1.0"
      }
    },
    "jquery": {
      "version": "3.5.0",
      "resolved": "https://registry.npmjs.org/jquery/-/jquery-3.5.0.tgz",
      "integrity": "sha512-Xb7SVYMvygPxbFMpTFQiHh1J7HClEaThguL15N/Gg37Lri/qKyhRGZYzHRyLH8Stq3Aow0LsHO2O2ci86fCrNQ=="
    },
    "jquery-validation": {
      "version": "1.19.1",
      "resolved": "https://registry.npmjs.org/jquery-validation/-/jquery-validation-1.19.1.tgz",
      "integrity": "sha512-QNnrZBqSltWUEJx+shOY5WtfrIb0gWmDjFfQP8rZKqMMSfpRSwEkSqhfHPvDfkObD8Hnv5KHSYI8yg73sVFdqA=="
    },
    "ms": {
      "version": "2.0.0",
      "resolved": "https://registry.npmjs.org/ms/-/ms-2.0.0.tgz",
      "integrity": "sha1-VgiurfwAvmwpAd9fmGF4jeDVl8g="
    },
    "sweetalert2": {
      "version": "9.10.9",
      "resolved": "https://registry.npmjs.org/sweetalert2/-/sweetalert2-9.10.9.tgz",
      "integrity": "sha512-EvCwcS9omZHhxp8XXiWwPMGq2ywGcU0VXeBr3DCibUMmfRkh8f8SxBWFSKMtw57HnK0tKYDhyhQV/vFERtRciQ=="
    },
    "toastr": {
      "version": "2.1.4",
      "resolved": "https://registry.npmjs.org/toastr/-/toastr-2.1.4.tgz",
      "integrity": "sha1-i0O+ZPudDEFIcURvLbjoyk6V8YE=",
      "requires": {
        "jquery": ">=1.12.0"
      }
    },
    "validate.js": {
      "version": "0.13.1",
      "resolved": "https://registry.npmjs.org/validate.js/-/validate.js-0.13.1.tgz",
      "integrity": "sha512-PnFM3xiZ+kYmLyTiMgTYmU7ZHkjBZz2/+F0DaALc/uUtVzdCt1wAosvYJ5hFQi/hz8O4zb52FQhHZRC+uVkJ+g=="
    }
  }
}
